Microsoft Visual Studio Solution File, Format Version 12.00
# Visual Studio 2012
Project("{FAE04EC0-301F-11D3-BF4B-00C04F79EFBC}") = "Sanicball", "Sanicball\Sanicball.csproj", "{422DAF45-F65D-402A-AAA2-A6BDC9B05E9C}"
EndProject
Project("{FAE04EC0-301F-11D3-BF4B-00C04F79EFBC}") = "Sanicball.SourceGenerators", "Sanicball.SourceGenerators\Sanicball.SourceGenerators.csproj", "{33E61641-B597-45A2-8BEC-D8AC16716892}"
EndProject
Project("{FAE04EC0-301F-11D3-BF4B-00C04F79EFBC}") = "Serilog.Sinks.Godot", "Serilog.Sinks.Godot\Serilog.Sinks.Godot.csproj", "{5EAD2772-55D2-40C0-A29D-F298F65E61FD}"
EndProject
Global
	GlobalSection(SolutionConfigurationPlatforms) = preSolution
		Debug|Any CPU = Debug|Any CPU
		Release|Any CPU = Release|Any CPU
	EndGlobalSection
	GlobalSection(ProjectConfigurationPlatforms) = postSolution
		{422DAF45-F65D-402A-AAA2-A6BDC9B05E9C}.Debug|Any CPU.ActiveCfg = Debug|Any CPU
		{422DAF45-F65D-402A-AAA2-A6BDC9B05E9C}.Debug|Any CPU.Build.0 = Debug|Any CPU
		{422DAF45-F65D-402A-AAA2-A6BDC9B05E9C}.Release|Any CPU.ActiveCfg = Release|Any CPU
		{422DAF45-F65D-402A-AAA2-A6BDC9B05E9C}.Release|Any CPU.Build.0 = Release|Any CPU
		{33E61641-B597-45A2-8BEC-D8AC16716892}.Debug|Any CPU.ActiveCfg = Debug|Any CPU
		{33E61641-B597-45A2-8BEC-D8AC16716892}.Debug|Any CPU.Build.0 = Debug|Any CPU
		{33E61641-B597-45A2-8BEC-D8AC16716892}.Release|Any CPU.ActiveCfg = Release|Any CPU
		{33E61641-B597-45A2-8BEC-D8AC16716892}.Release|Any CPU.Build.0 = Release|Any CPU
		{5EAD2772-55D2-40C0-A29D-F298F65E61FD}.Debug|Any CPU.ActiveCfg = Debug|Any CPU
		{5EAD2772-55D2-40C0-A29D-F298F65E61FD}.Debug|Any CPU.Build.0 = Debug|Any CPU
		{5EAD2772-55D2-40C0-A29D-F298F65E61FD}.Release|Any CPU.ActiveCfg = Release|Any CPU
		{5EAD2772-55D2-40C0-A29D-F298F65E61FD}.Release|Any CPU.Build.0 = Release|Any CPU
	EndGlobalSection
EndGlobal
